
Microsoft Visual Studio Solution File, Format Version 12.00
# Visual Studio Version 17
VisualStudioVersion = 17.1.32228.430
MinimumVisualStudioVersion = 10.0.40219.1
Project("{2150E333-8FDC-42A3-9474-1A3956D46DE8}") = "Domain", "Domain", "{029E8AFD-5744-4699-AAF2-2BF7D39DB155}"
EndProject
Project("{2150E333-8FDC-42A3-9474-1A3956D46DE8}") = "Entities", "Entities", "{88FF78DD-5384-47E1-B16C-68C4E10AA4A6}"
EndProject
Project("{2150E333-8FDC-42A3-9474-1A3956D46DE8}") = "Repositories", "Repositories", "{EA026991-81C0-44D2-BA56-0CEA89E57E57}"
EndProject
Project("{9A19103F-16F7-4668-BE54-9A1E7A4F7556}") = "EstabelecimentoEntities", "Domain\Entities\EstabelecimentoEntities.csproj", "{2B47AD9C-47A7-4FB1-B20E-EA7BB9115A5D}"
EndProject
Project("{9A19103F-16F7-4668-BE54-9A1E7A4F7556}") = "EstabelecimentoDomainRepositories", "Domain\Repositories\EstabelecimentoDomainRepositories.csproj", "{AD4A5E18-AEFB-4D5C-8E95-3ADFCCFB2DEC}"
EndProject
Project("{2150E333-8FDC-42A3-9474-1A3956D46DE8}") = "Data", "Data", "{FB1A0821-A0A0-4560-AED0-E8CD084266F3}"
EndProject
Project("{2150E333-8FDC-42A3-9474-1A3956D46DE8}") = "Datasources", "Datasources", "{8E650CE8-7E0F-45A3-8968-FA4F30DDFF49}"
EndProject
Project("{2150E333-8FDC-42A3-9474-1A3956D46DE8}") = "Models", "Models", "{54E2ACE6-9F46-43C2-BB89-D339B390E4B5}"
EndProject
Project("{2150E333-8FDC-42A3-9474-1A3956D46DE8}") = "Repositories", "Repositories", "{D2CBF34B-2735-4A7F-8B04-F939EAC97849}"
EndProject
Project("{9A19103F-16F7-4668-BE54-9A1E7A4F7556}") = "EstabelecimentoDataSources", "Data\Datasources\EstabelecimentoDataSources.csproj", "{C09D8DCD-1A26-41C2-8941-9601E3D8E102}"
EndProject
Project("{9A19103F-16F7-4668-BE54-9A1E7A4F7556}") = "EstabelecimentoModels", "Data\Models\EstabelecimentoModels.csproj", "{577E6A69-5993-45A3-A060-8FDC845C6FD0}"
EndProject
Project("{9A19103F-16F7-4668-BE54-9A1E7A4F7556}") = "EstabelecimentoRepositories", "Data\Repositories\EstabelecimentoRepositories.csproj", "{3D78FBDC-ED09-4D2C-A299-68A58BDFB351}"
EndProject
Project("{2150E333-8FDC-42A3-9474-1A3956D46DE8}") = "Presentation", "Presentation", "{936ED906-BFF5-4A26-8242-83A0FFB87966}"
EndProject
Project("{2150E333-8FDC-42A3-9474-1A3956D46DE8}") = "Console", "Console", "{4D8CA497-DA51-41F4-83F2-FF3A552E7401}"
EndProject
Project("{9A19103F-16F7-4668-BE54-9A1E7A4F7556}") = "EstabelecimentoConsole", "Presentation\EstabelecimentoConsole\EstabelecimentoConsole.csproj", "{AEEC33AB-0C06-489D-8C85-3FBDEA5676A7}"
EndProject
Global
	GlobalSection(SolutionConfigurationPlatforms) = preSolution
		Debug|Any CPU = Debug|Any CPU
		Release|Any CPU = Release|Any CPU
	EndGlobalSection
	GlobalSection(ProjectConfigurationPlatforms) = postSolution
		{2B47AD9C-47A7-4FB1-B20E-EA7BB9115A5D}.Debug|Any CPU.ActiveCfg = Debug|Any CPU
		{2B47AD9C-47A7-4FB1-B20E-EA7BB9115A5D}.Debug|Any CPU.Build.0 = Debug|Any CPU
		{2B47AD9C-47A7-4FB1-B20E-EA7BB9115A5D}.Release|Any CPU.ActiveCfg = Release|Any CPU
		{2B47AD9C-47A7-4FB1-B20E-EA7BB9115A5D}.Release|Any CPU.Build.0 = Release|Any CPU
		{AD4A5E18-AEFB-4D5C-8E95-3ADFCCFB2DEC}.Debug|Any CPU.ActiveCfg = Debug|Any CPU
		{AD4A5E18-AEFB-4D5C-8E95-3ADFCCFB2DEC}.Debug|Any CPU.Build.0 = Debug|Any CPU
		{AD4A5E18-AEFB-4D5C-8E95-3ADFCCFB2DEC}.Release|Any CPU.ActiveCfg = Release|Any CPU
		{AD4A5E18-AEFB-4D5C-8E95-3ADFCCFB2DEC}.Release|Any CPU.Build.0 = Release|Any CPU
		{C09D8DCD-1A26-41C2-8941-9601E3D8E102}.Debug|Any CPU.ActiveCfg = Debug|Any CPU
		{C09D8DCD-1A26-41C2-8941-9601E3D8E102}.Debug|Any CPU.Build.0 = Debug|Any CPU
		{C09D8DCD-1A26-41C2-8941-9601E3D8E102}.Release|Any CPU.ActiveCfg = Release|Any CPU
		{C09D8DCD-1A26-41C2-8941-9601E3D8E102}.Release|Any CPU.Build.0 = Release|Any CPU
		{577E6A69-5993-45A3-A060-8FDC845C6FD0}.Debug|Any CPU.ActiveCfg = Debug|Any CPU
		{577E6A69-5993-45A3-A060-8FDC845C6FD0}.Debug|Any CPU.Build.0 = Debug|Any CPU
		{577E6A69-5993-45A3-A060-8FDC845C6FD0}.Release|Any CPU.ActiveCfg = Release|Any CPU
		{577E6A69-5993-45A3-A060-8FDC845C6FD0}.Release|Any CPU.Build.0 = Release|Any CPU
		{3D78FBDC-ED09-4D2C-A299-68A58BDFB351}.Debug|Any CPU.ActiveCfg = Debug|Any CPU
		{3D78FBDC-ED09-4D2C-A299-68A58BDFB351}.Debug|Any CPU.Build.0 = Debug|Any CPU
		{3D78FBDC-ED09-4D2C-A299-68A58BDFB351}.Release|Any CPU.ActiveCfg = Release|Any CPU
		{3D78FBDC-ED09-4D2C-A299-68A58BDFB351}.Release|Any CPU.Build.0 = Release|Any CPU
		{AEEC33AB-0C06-489D-8C85-3FBDEA5676A7}.Debug|Any CPU.ActiveCfg = Debug|Any CPU
		{AEEC33AB-0C06-489D-8C85-3FBDEA5676A7}.Debug|Any CPU.Build.0 = Debug|Any CPU
		{AEEC33AB-0C06-489D-8C85-3FBDEA5676A7}.Release|Any CPU.ActiveCfg = Release|Any CPU
		{AEEC33AB-0C06-489D-8C85-3FBDEA5676A7}.Release|Any CPU.Build.0 = Release|Any CPU
	EndGlobalSection
	GlobalSection(SolutionProperties) = preSolution
		HideSolutionNode = FALSE
	EndGlobalSection
	GlobalSection(NestedProjects) = preSolution
		{88FF78DD-5384-47E1-B16C-68C4E10AA4A6} = {029E8AFD-5744-4699-AAF2-2BF7D39DB155}
		{EA026991-81C0-44D2-BA56-0CEA89E57E57} = {029E8AFD-5744-4699-AAF2-2BF7D39DB155}
		{2B47AD9C-47A7-4FB1-B20E-EA7BB9115A5D} = {88FF78DD-5384-47E1-B16C-68C4E10AA4A6}
		{AD4A5E18-AEFB-4D5C-8E95-3ADFCCFB2DEC} = {EA026991-81C0-44D2-BA56-0CEA89E57E57}
		{8E650CE8-7E0F-45A3-8968-FA4F30DDFF49} = {FB1A0821-A0A0-4560-AED0-E8CD084266F3}
		{54E2ACE6-9F46-43C2-BB89-D339B390E4B5} = {FB1A0821-A0A0-4560-AED0-E8CD084266F3}
		{D2CBF34B-2735-4A7F-8B04-F939EAC97849} = {FB1A0821-A0A0-4560-AED0-E8CD084266F3}
		{C09D8DCD-1A26-41C2-8941-9601E3D8E102} = {8E650CE8-7E0F-45A3-8968-FA4F30DDFF49}
		{577E6A69-5993-45A3-A060-8FDC845C6FD0} = {54E2ACE6-9F46-43C2-BB89-D339B390E4B5}
		{3D78FBDC-ED09-4D2C-A299-68A58BDFB351} = {D2CBF34B-2735-4A7F-8B04-F939EAC97849}
		{4D8CA497-DA51-41F4-83F2-FF3A552E7401} = {936ED906-BFF5-4A26-8242-83A0FFB87966}
		{AEEC33AB-0C06-489D-8C85-3FBDEA5676A7} = {4D8CA497-DA51-41F4-83F2-FF3A552E7401}
	EndGlobalSection
	GlobalSection(ExtensibilityGlobals) = postSolution
		SolutionGuid = {84DD377A-B348-4548-B532-49E11D19CE47}
	EndGlobalSection
EndGlobal
