
Microsoft Visual Studio Solution File, Format Version 12.00
# Visual Studio Version 17
VisualStudioVersion = 17.1.32210.238
MinimumVisualStudioVersion = 10.0.40219.1
Project("{9A19103F-16F7-4668-BE54-9A1E7A4F7556}") = "PostoDeGasolinaLibrary", "PostoDeGasolinaLibrary\PostoDeGasolinaLibrary.csproj", "{8338591E-4235-4C5C-B4AB-90AEB86411A6}"
EndProject
Project("{9A19103F-16F7-4668-BE54-9A1E7A4F7556}") = "PostoDeGasolinaConsoleApllication", "PostoDeGasolinaCOnsoleApllication\PostoDeGasolinaConsoleApllication.csproj", "{9FB1EF97-5E96-4D9E-991E-87C50DBD4811}"
EndProject
Project("{FAE04EC0-301F-11D3-BF4B-00C04F79EFBC}") = "PostoDeGasolinaDatabase", "PostoDeGasolinaDatabase\PostoDeGasolinaDatabase.csproj", "{E33A098C-F0D4-4199-BDD6-2CD0B79DEBCC}"
EndProject
Project("{FAE04EC0-301F-11D3-BF4B-00C04F79EFBC}") = "PostoDeCombustivelCore", "PostoDeCombustivelCore\PostoDeCombustivelCore.csproj", "{C286A89D-1B9C-4ED8-B3DB-F2393860129F}"
EndProject
Global
	GlobalSection(SolutionConfigurationPlatforms) = preSolution
		Debug|Any CPU = Debug|Any CPU
		Release|Any CPU = Release|Any CPU
	EndGlobalSection
	GlobalSection(ProjectConfigurationPlatforms) = postSolution
		{8338591E-4235-4C5C-B4AB-90AEB86411A6}.Debug|Any CPU.ActiveCfg = Debug|Any CPU
		{8338591E-4235-4C5C-B4AB-90AEB86411A6}.Debug|Any CPU.Build.0 = Debug|Any CPU
		{8338591E-4235-4C5C-B4AB-90AEB86411A6}.Release|Any CPU.ActiveCfg = Release|Any CPU
		{8338591E-4235-4C5C-B4AB-90AEB86411A6}.Release|Any CPU.Build.0 = Release|Any CPU
		{9FB1EF97-5E96-4D9E-991E-87C50DBD4811}.Debug|Any CPU.ActiveCfg = Debug|Any CPU
		{9FB1EF97-5E96-4D9E-991E-87C50DBD4811}.Debug|Any CPU.Build.0 = Debug|Any CPU
		{9FB1EF97-5E96-4D9E-991E-87C50DBD4811}.Release|Any CPU.ActiveCfg = Release|Any CPU
		{9FB1EF97-5E96-4D9E-991E-87C50DBD4811}.Release|Any CPU.Build.0 = Release|Any CPU
		{E33A098C-F0D4-4199-BDD6-2CD0B79DEBCC}.Debug|Any CPU.ActiveCfg = Debug|Any CPU
		{E33A098C-F0D4-4199-BDD6-2CD0B79DEBCC}.Debug|Any CPU.Build.0 = Debug|Any CPU
		{E33A098C-F0D4-4199-BDD6-2CD0B79DEBCC}.Release|Any CPU.ActiveCfg = Release|Any CPU
		{E33A098C-F0D4-4199-BDD6-2CD0B79DEBCC}.Release|Any CPU.Build.0 = Release|Any CPU
		{C286A89D-1B9C-4ED8-B3DB-F2393860129F}.Debug|Any CPU.ActiveCfg = Debug|Any CPU
		{C286A89D-1B9C-4ED8-B3DB-F2393860129F}.Debug|Any CPU.Build.0 = Debug|Any CPU
		{C286A89D-1B9C-4ED8-B3DB-F2393860129F}.Release|Any CPU.ActiveCfg = Release|Any CPU
		{C286A89D-1B9C-4ED8-B3DB-F2393860129F}.Release|Any CPU.Build.0 = Release|Any CPU
	EndGlobalSection
	GlobalSection(SolutionProperties) = preSolution
		HideSolutionNode = FALSE
	EndGlobalSection
	GlobalSection(ExtensibilityGlobals) = postSolution
		SolutionGuid = {57062406-3BAE-4F65-A8FF-B94F44C593E2}
	EndGlobalSection
EndGlobal
