
Microsoft Visual Studio Solution File, Format Version 12.00
# Visual Studio Version 17
VisualStudioVersion = 17.3.32825.248
MinimumVisualStudioVersion = 10.0.40219.1
Project("{FAE04EC0-301F-11D3-BF4B-00C04F79EFBC}") = "Aula_UmParaMuitos", "Aula_UmParaMuitos.csproj", "{7C0A635A-1320-48B8-8CE4-2D52D1DFC45B}"
EndProject
Global
	GlobalSection(SolutionConfigurationPlatforms) = preSolution
		Debug|Any CPU = Debug|Any CPU
		Release|Any CPU = Release|Any CPU
	EndGlobalSection
	GlobalSection(ProjectConfigurationPlatforms) = postSolution
		{7C0A635A-1320-48B8-8CE4-2D52D1DFC45B}.Debug|Any CPU.ActiveCfg = Debug|Any CPU
		{7C0A635A-1320-48B8-8CE4-2D52D1DFC45B}.Debug|Any CPU.Build.0 = Debug|Any CPU
		{7C0A635A-1320-48B8-8CE4-2D52D1DFC45B}.Release|Any CPU.ActiveCfg = Release|Any CPU
		{7C0A635A-1320-48B8-8CE4-2D52D1DFC45B}.Release|Any CPU.Build.0 = Release|Any CPU
	EndGlobalSection
	GlobalSection(SolutionProperties) = preSolution
		HideSolutionNode = FALSE
	EndGlobalSection
	GlobalSection(ExtensibilityGlobals) = postSolution
		SolutionGuid = {3D3E4C8E-78BF-452A-87F1-5C03550E9381}
	EndGlobalSection
EndGlobal
