
Microsoft Visual Studio Solution File, Format Version 12.00
# Visual Studio Version 17
VisualStudioVersion = 17.1.32228.430
MinimumVisualStudioVersion = 10.0.40219.1
Project("{FAE04EC0-301F-11D3-BF4B-00C04F79EFBC}") = "TDS_CA_MS.Domain", "TDS_CA_MS.Domain\TDS_CA_MS.Domain.csproj", "{2727C026-47F7-414E-9962-19777FFF2171}"
EndProject
Project("{FAE04EC0-301F-11D3-BF4B-00C04F79EFBC}") = "TDS_CA_MS.Infra.Data", "TDS_CA_MS.Infra.Data\TDS_CA_MS.Infra.Data.csproj", "{10FD61F6-7DF0-4EE9-BB1B-9FC7A53AD938}"
EndProject
Project("{FAE04EC0-301F-11D3-BF4B-00C04F79EFBC}") = "TDS_CA_MS.Infra.IoC", "TDS_CA_MS.Infra.IoC\TDS_CA_MS.Infra.IoC.csproj", "{89006D18-E590-4939-92E3-67722E6548A9}"
EndProject
Project("{FAE04EC0-301F-11D3-BF4B-00C04F79EFBC}") = "TDS_CA_MS.Application", "TDS_CA_MS.Application\TDS_CA_MS.Application.csproj", "{4122930A-BC1F-4FB4-BFEB-F32E72FD5B92}"
EndProject
Project("{FAE04EC0-301F-11D3-BF4B-00C04F79EFBC}") = "TDS_CA_MS.Cliet.ASPNET_MVC", "TDS_CA_MS.Cliet.ASPNET_MVC\TDS_CA_MS.Cliet.ASPNET_MVC.csproj", "{7262C295-D124-4659-9BAE-2C0E53B31E88}"
EndProject
Global
	GlobalSection(SolutionConfigurationPlatforms) = preSolution
		Debug|Any CPU = Debug|Any CPU
		Release|Any CPU = Release|Any CPU
	EndGlobalSection
	GlobalSection(ProjectConfigurationPlatforms) = postSolution
		{2727C026-47F7-414E-9962-19777FFF2171}.Debug|Any CPU.ActiveCfg = Debug|Any CPU
		{2727C026-47F7-414E-9962-19777FFF2171}.Debug|Any CPU.Build.0 = Debug|Any CPU
		{2727C026-47F7-414E-9962-19777FFF2171}.Release|Any CPU.ActiveCfg = Release|Any CPU
		{2727C026-47F7-414E-9962-19777FFF2171}.Release|Any CPU.Build.0 = Release|Any CPU
		{10FD61F6-7DF0-4EE9-BB1B-9FC7A53AD938}.Debug|Any CPU.ActiveCfg = Debug|Any CPU
		{10FD61F6-7DF0-4EE9-BB1B-9FC7A53AD938}.Debug|Any CPU.Build.0 = Debug|Any CPU
		{10FD61F6-7DF0-4EE9-BB1B-9FC7A53AD938}.Release|Any CPU.ActiveCfg = Release|Any CPU
		{10FD61F6-7DF0-4EE9-BB1B-9FC7A53AD938}.Release|Any CPU.Build.0 = Release|Any CPU
		{89006D18-E590-4939-92E3-67722E6548A9}.Debug|Any CPU.ActiveCfg = Debug|Any CPU
		{89006D18-E590-4939-92E3-67722E6548A9}.Debug|Any CPU.Build.0 = Debug|Any CPU
		{89006D18-E590-4939-92E3-67722E6548A9}.Release|Any CPU.ActiveCfg = Release|Any CPU
		{89006D18-E590-4939-92E3-67722E6548A9}.Release|Any CPU.Build.0 = Release|Any CPU
		{4122930A-BC1F-4FB4-BFEB-F32E72FD5B92}.Debug|Any CPU.ActiveCfg = Debug|Any CPU
		{4122930A-BC1F-4FB4-BFEB-F32E72FD5B92}.Debug|Any CPU.Build.0 = Debug|Any CPU
		{4122930A-BC1F-4FB4-BFEB-F32E72FD5B92}.Release|Any CPU.ActiveCfg = Release|Any CPU
		{4122930A-BC1F-4FB4-BFEB-F32E72FD5B92}.Release|Any CPU.Build.0 = Release|Any CPU
		{7262C295-D124-4659-9BAE-2C0E53B31E88}.Debug|Any CPU.ActiveCfg = Debug|Any CPU
		{7262C295-D124-4659-9BAE-2C0E53B31E88}.Debug|Any CPU.Build.0 = Debug|Any CPU
		{7262C295-D124-4659-9BAE-2C0E53B31E88}.Release|Any CPU.ActiveCfg = Release|Any CPU
		{7262C295-D124-4659-9BAE-2C0E53B31E88}.Release|Any CPU.Build.0 = Release|Any CPU
	EndGlobalSection
	GlobalSection(SolutionProperties) = preSolution
		HideSolutionNode = FALSE
	EndGlobalSection
	GlobalSection(ExtensibilityGlobals) = postSolution
		SolutionGuid = {BDB8B217-7881-482A-8CE8-B8D5C750117B}
	EndGlobalSection
EndGlobal
